{
  "name": "proton-privoxy-app",
  "version": "1.0.0",
  "lockfileVersion": 3,
  "requires": true,
  "packages": {
    "": {
      "name": "proton-privoxy-app",
      "version": "1.0.0",
      "hasInstallScript": true,
      "dependencies": {
        "dotenv": "^17.2.1",
        "patchright": "^1.52.5"
      },
      "devDependencies": {
        "@types/node": "^20.14.10",
        "typescript": "5.9.3"
      }
    },
    "node_modules/@types/node": {
      "version": "20.19.11",
      "dev": true,
      "license": "MIT",
      "dependencies": {
        "undici-types": "~6.21.0"
      }
    },
    "node_modules/dotenv": {
      "version": "17.2.1",
      "resolved": "https://registry.npmjs.org/dotenv/-/dotenv-17.2.1.tgz",
      "integrity": "sha512-kQhDYKZecqnM0fCnzI5eIv5L4cAe/iRI+HqMbO/hbRdTAeXDG+M9FjipUxNfbARuEg4iHIbhnhs78BCHNbSxEQ==",
      "license": "BSD-2-Clause",
      "engines": {
        "node": ">=12"
      },
      "funding": {
        "url": "https://dotenvx.com"
      }
    },
    "node_modules/fsevents": {
      "version": "2.3.2",
      "resolved": "https://registry.npmjs.org/fsevents/-/fsevents-2.3.2.tgz",
      "integrity": "sha512-xiqMQR4xAeHTuB9uWm+fFRcIOgKBMiOBP+eXiyT7jsgVCq1bkVygt00oASowB7EdtpOHaaPgKt812P9ab+DDKA==",
      "hasInstallScript": true,
      "license": "MIT",
      "optional": true,
      "os": [
        "darwin"
      ],
      "engines": {
        "node": "^8.16.0 || ^10.6.0 || >=11.0.0"
      }
    },
    "node_modules/patchright": {
      "version": "1.52.5",
      "resolved": "https://registry.npmjs.org/patchright/-/patchright-1.52.5.tgz",
      "integrity": "sha512-wmRpsF9n02j0S+YDk0U3ouuWipHbUowwxbf/4K4G9ng311vvugoo8WndbU/fCsGtme8gYNfcEGcpfF6/L1NXHg==",
      "license": "Apache-2.0",
      "dependencies": {
        "patchright-core": "1.52.5"
      },
      "bin": {
        "patchright": "cli.js"
      },
      "engines": {
        "node": ">=18"
      },
      "optionalDependencies": {
        "fsevents": "2.3.2"
      }
    },
    "node_modules/patchright-core": {
      "version": "1.52.5",
      "resolved": "https://registry.npmjs.org/patchright-core/-/patchright-core-1.52.5.tgz",
      "integrity": "sha512-8rnLVEK9jDZWzFPy2hCQrp4xhU7zgE8IqseZyjGkgxf+jpAWTuGNgIAlcsKZMfQrDL8j1mZgRIGNAQT00nk6QA==",
      "license": "Apache-2.0",
      "bin": {
        "patchright-core": "cli.js"
      },
      "engines": {
        "node": ">=18"
      }
    },
    "node_modules/typescript": {
      "version": "5.9.3",
      "resolved": "https://registry.npmjs.org/typescript/-/typescript-5.9.3.tgz",
      "integrity": "sha512-jl1vZzPDinLr9eUt3J/t7V6FgNEw9QjvBPdysz9KfQDD41fQrC2Y4vKQdiaUpFT4bXlb1RHhLpp8wtm6M5TgSw==",
      "dev": true,
      "license": "Apache-2.0",
      "bin": {
        "tsc": "bin/tsc",
        "tsserver": "bin/tsserver"
      },
      "engines": {
        "node": ">=14.17"
      }
    },
    "node_modules/undici-types": {
      "version": "6.21.0",
      "dev": true,
      "license": "MIT"
    }
  }
}
